
Microsoft Visual Studio Solution File, Format Version 12.00
# Visual Studio Version 17
VisualStudioVersion = 17.11.35312.102
MinimumVisualStudioVersion = 10.0.40219.1
Project("{FAE04EC0-301F-11D3-BF4B-00C04F79EFBC}") = "StationeersStructureXMLConverter", "StationeersStructureXMLConverter.csproj", "{DFEE0987-34B4-43D4-A2ED-39F4698C40B5}"
EndProject
Project("{2150E333-8FDC-42A3-9474-1A3956D46DE8}") = "Solution Items", "Solution Items", "{F7F193CF-16A9-437F-8766-5AF891DBC624}"
EndProject
Project("{FAE04EC0-301F-11D3-BF4B-00C04F79EFBC}") = "StationeersXsdGenerator", "StationeersXsdGenerator\StationeersXsdGenerator.csproj", "{0BF68C3E-458B-4B1A-B07A-EBF85F8439CB}"
EndProject
Global
	GlobalSection(SolutionConfigurationPlatforms) = preSolution
		Debug|Any CPU = Debug|Any CPU
		Release|Any CPU = Release|Any CPU
	EndGlobalSection
	GlobalSection(ProjectConfigurationPlatforms) = postSolution
		{DFEE0987-34B4-43D4-A2ED-39F4698C40B5}.Debug|Any CPU.ActiveCfg = Debug|Any CPU
		{DFEE0987-34B4-43D4-A2ED-39F4698C40B5}.Debug|Any CPU.Build.0 = Debug|Any CPU
		{DFEE0987-34B4-43D4-A2ED-39F4698C40B5}.Release|Any CPU.ActiveCfg = Release|Any CPU
		{DFEE0987-34B4-43D4-A2ED-39F4698C40B5}.Release|Any CPU.Build.0 = Release|Any CPU
		{0BF68C3E-458B-4B1A-B07A-EBF85F8439CB}.Debug|Any CPU.ActiveCfg = Debug|Any CPU
		{0BF68C3E-458B-4B1A-B07A-EBF85F8439CB}.Debug|Any CPU.Build.0 = Debug|Any CPU
		{0BF68C3E-458B-4B1A-B07A-EBF85F8439CB}.Release|Any CPU.ActiveCfg = Release|Any CPU
		{0BF68C3E-458B-4B1A-B07A-EBF85F8439CB}.Release|Any CPU.Build.0 = Release|Any CPU
	EndGlobalSection
	GlobalSection(SolutionProperties) = preSolution
		HideSolutionNode = FALSE
	EndGlobalSection
	GlobalSection(ExtensibilityGlobals) = postSolution
		SolutionGuid = {702C5834-1173-47AA-95B6-B7D4F48161AA}
	EndGlobalSection
EndGlobal
